
Microsoft Visual Studio Solution File, Format Version 12.00
# Visual Studio 2013
VisualStudioVersion = 12.0.21005.1
MinimumVisualStudioVersion = 10.0.40219.1
Project("{FAE04EC0-301F-11D3-BF4B-00C04F79EFBC}") = "QUAN_LY_DIEM_SINH_VIEN_KHOA_KY_THUAT_CONG_NGHE", "QUAN-LY-DIEM-SINH-VIEN-KHOA-KY-THUAT-CONG-NGHE\QUAN_LY_DIEM_SINH_VIEN_KHOA_KY_THUAT_CONG_NGHE.csproj", "{8BEF8FC2-91D3-4970-8E1F-6E527F2C22CB}"
EndProject
Global
	GlobalSection(SolutionConfigurationPlatforms) = preSolution
		Debug|Any CPU = Debug|Any CPU
		Release|Any CPU = Release|Any CPU
	EndGlobalSection
	GlobalSection(ProjectConfigurationPlatforms) = postSolution
		{8BEF8FC2-91D3-4970-8E1F-6E527F2C22CB}.Debug|Any CPU.ActiveCfg = Debug|Any CPU
		{8BEF8FC2-91D3-4970-8E1F-6E527F2C22CB}.Debug|Any CPU.Build.0 = Debug|Any CPU
		{8BEF8FC2-91D3-4970-8E1F-6E527F2C22CB}.Release|Any CPU.ActiveCfg = Release|Any CPU
		{8BEF8FC2-91D3-4970-8E1F-6E527F2C22CB}.Release|Any CPU.Build.0 = Release|Any CPU
	EndGlobalSection
	GlobalSection(SolutionProperties) = preSolution
		HideSolutionNode = FALSE
	EndGlobalSection
	GlobalSection(ExtensibilityGlobals) = postSolution
		SolutionGuid = {7BF2C1E2-C30E-4457-8C25-E6C5F9D23F94}
	EndGlobalSection
EndGlobal
